
Microsoft Visual Studio Solution File, Format Version 12.00
# Visual Studio Version 17
VisualStudioVersion = 17.1.32319.34
MinimumVisualStudioVersion = 10.0.40219.1
Project("{9A19103F-16F7-4668-BE54-9A1E7A4F7556}") = "TPW", "TPW\TPW.csproj", "{8D018492-245A-4E92-9F59-9DBB7EF96CD8}"
EndProject
Project("{9A19103F-16F7-4668-BE54-9A1E7A4F7556}") = "ConsoleApp1", "ConsoleApp1\ConsoleApp1.csproj", "{0664CEA3-7342-41D3-AE94-C51BFC7C8661}"
EndProject
Project("{FAE04EC0-301F-11D3-BF4B-00C04F79EFBC}") = "TestProject1", "TestProject1\TestProject1.csproj", "{203098C9-BEB3-46C2-BFAC-C0DDA996DE11}"
EndProject
Global
	GlobalSection(SolutionConfigurationPlatforms) = preSolution
		Debug|Any CPU = Debug|Any CPU
		Release|Any CPU = Release|Any CPU
	EndGlobalSection
	GlobalSection(ProjectConfigurationPlatforms) = postSolution
		{8D018492-245A-4E92-9F59-9DBB7EF96CD8}.Debug|Any CPU.ActiveCfg = Debug|Any CPU
		{8D018492-245A-4E92-9F59-9DBB7EF96CD8}.Debug|Any CPU.Build.0 = Debug|Any CPU
		{8D018492-245A-4E92-9F59-9DBB7EF96CD8}.Release|Any CPU.ActiveCfg = Release|Any CPU
		{8D018492-245A-4E92-9F59-9DBB7EF96CD8}.Release|Any CPU.Build.0 = Release|Any CPU
		{0664CEA3-7342-41D3-AE94-C51BFC7C8661}.Debug|Any CPU.ActiveCfg = Debug|Any CPU
		{0664CEA3-7342-41D3-AE94-C51BFC7C8661}.Debug|Any CPU.Build.0 = Debug|Any CPU
		{0664CEA3-7342-41D3-AE94-C51BFC7C8661}.Release|Any CPU.ActiveCfg = Release|Any CPU
		{0664CEA3-7342-41D3-AE94-C51BFC7C8661}.Release|Any CPU.Build.0 = Release|Any CPU
		{203098C9-BEB3-46C2-BFAC-C0DDA996DE11}.Debug|Any CPU.ActiveCfg = Debug|Any CPU
		{203098C9-BEB3-46C2-BFAC-C0DDA996DE11}.Debug|Any CPU.Build.0 = Debug|Any CPU
		{203098C9-BEB3-46C2-BFAC-C0DDA996DE11}.Release|Any CPU.ActiveCfg = Release|Any CPU
		{203098C9-BEB3-46C2-BFAC-C0DDA996DE11}.Release|Any CPU.Build.0 = Release|Any CPU
	EndGlobalSection
	GlobalSection(SolutionProperties) = preSolution
		HideSolutionNode = FALSE
	EndGlobalSection
	GlobalSection(ExtensibilityGlobals) = postSolution
		SolutionGuid = {AFFC3AB5-9291-4202-BB10-9653F12601E9}
	EndGlobalSection
EndGlobal
